// !$*UTF8*$!
{
	archiveVersion = 1;
	classes = {
	};
	objectVersion = 50;
	objects = {

/* Begin PBXBuildFile section */
		6A5A51C9256A9FF2004F2266 /* AppDelegate.swift in Sources */ = {isa = PBXBuildFile; fileRef = 6A5A51C8256A9FF2004F2266 /* AppDelegate.swift */; };
		6A5A51CB256A9FF2004F2266 /* SceneDelegate.swift in Sources */ = {isa = PBXBuildFile; fileRef = 6A5A51CA256A9FF2004F2266 /* SceneDelegate.swift */; };
		6A5A51D2256A9FF7004F2266 /* Assets.xcassets in Resources */ = {isa = PBXBuildFile; fileRef = 6A5A51D1256A9FF7004F2266 /* Assets.xcassets */; };
		6A5A51D5256A9FF7004F2266 /* LaunchScreen.storyboard in Resources */ = {isa = PBXBuildFile; fileRef = 6A5A51D3256A9FF7004F2266 /* LaunchScreen.storyboard */; };
		6A5A51E0256A9FF8004F2266 /* SliceTests.swift in Sources */ = {isa = PBXBuildFile; fileRef = 6A5A51DF256A9FF8004F2266 /* SliceTests.swift */; };
		6A5A51EB256A9FF8004F2266 /* SliceUITests.swift in Sources */ = {isa = PBXBuildFile; fileRef = 6A5A51EA256A9FF8004F2266 /* SliceUITests.swift */; };
		6A5A51FD256AA389004F2266 /* MainCoordinator.swift in Sources */ = {isa = PBXBuildFile; fileRef = 6A5A51FC256AA389004F2266 /* MainCoordinator.swift */; };
		6A5A5202256AA39F004F2266 /* Coordinator.swift in Sources */ = {isa = PBXBuildFile; fileRef = 6A5A5201256AA39F004F2266 /* Coordinator.swift */; };
		6A5A5226256AAB3E004F2266 /* CategoryViewController.storyboard in Resources */ = {isa = PBXBuildFile; fileRef = 6A5A521A256AAB3E004F2266 /* CategoryViewController.storyboard */; };
		6A5A5227256AAB3E004F2266 /* CategoryViewController.swift in Sources */ = {isa = PBXBuildFile; fileRef = 6A5A521B256AAB3E004F2266 /* CategoryViewController.swift */; };
		6A5A5228256AAB3E004F2266 /* CategoryWorker.swift in Sources */ = {isa = PBXBuildFile; fileRef = 6A5A521D256AAB3E004F2266 /* CategoryWorker.swift */; };
		6A5A5229256AAB3E004F2266 /* CategoryCollectionCell.xib in Resources */ = {isa = PBXBuildFile; fileRef = 6A5A521F256AAB3E004F2266 /* CategoryCollectionCell.xib */; };
		6A5A522A256AAB3E004F2266 /* CategoryTableViewCell.swift in Sources */ = {isa = PBXBuildFile; fileRef = 6A5A5220256AAB3E004F2266 /* CategoryTableViewCell.swift */; };
		6A5A522B256AAB3E004F2266 /* CategoryCollectionCell.swift in Sources */ = {isa = PBXBuildFile; fileRef = 6A5A5221256AAB3E004F2266 /* CategoryCollectionCell.swift */; };
		6A5A522C256AAB3E004F2266 /* CategoryTableViewCell.xib in Resources */ = {isa = PBXBuildFile; fileRef = 6A5A5222256AAB3E004F2266 /* CategoryTableViewCell.xib */; };
		6A5A522D256AAB3E004F2266 /* CategoryInteractor.swift in Sources */ = {isa = PBXBuildFile; fileRef = 6A5A5224256AAB3E004F2266 /* CategoryInteractor.swift */; };
		6A5A522E256AAB3E004F2266 /* CategoryPresenter.swift in Sources */ = {isa = PBXBuildFile; fileRef = 6A5A5225256AAB3E004F2266 /* CategoryPresenter.swift */; };
		6A5A5246256AAEDE004F2266 /* Constant.swift in Sources */ = {isa = PBXBuildFile; fileRef = 6A5A5233256AAEDE004F2266 /* Constant.swift */; };
		6A5A5250256AAEDE004F2266 /* DisplayLogic.swift in Sources */ = {isa = PBXBuildFile; fileRef = 6A5A5243256AAEDE004F2266 /* DisplayLogic.swift */; };
		6A5A5251256AAEDE004F2266 /* CustomCollectionViewFlowLayout.swift in Sources */ = {isa = PBXBuildFile; fileRef = 6A5A5244256AAEDE004F2266 /* CustomCollectionViewFlowLayout.swift */; };
		6A5A5252256AAEDE004F2266 /* LoadingView.swift in Sources */ = {isa = PBXBuildFile; fileRef = 6A5A5245256AAEDE004F2266 /* LoadingView.swift */; };
		6A5A5268256AB2DC004F2266 /* Categories.swift in Sources */ = {isa = PBXBuildFile; fileRef = 6A5A5265256AB2DB004F2266 /* Categories.swift */; };
		6A5A5269256AB2DC004F2266 /* Network.swift in Sources */ = {isa = PBXBuildFile; fileRef = 6A5A5266256AB2DB004F2266 /* Network.swift */; };
		6A5A526F256AB546004F2266 /* Category.swift in Sources */ = {isa = PBXBuildFile; fileRef = 6A5A526E256AB546004F2266 /* Category.swift */; };
		6A5A5277256AB66F004F2266 /* CategoryCoordinator.swift in Sources */ = {isa = PBXBuildFile; fileRef = 6A5A5276256AB66F004F2266 /* CategoryCoordinator.swift */; };
		6A5A5280256AB8E8004F2266 /* data.json in Resources */ = {isa = PBXBuildFile; fileRef = 6A5A527F256AB8E8004F2266 /* data.json */; };
		6A5A5286256ABE4E004F2266 /* StoryBoardExtension.swift in Sources */ = {isa = PBXBuildFile; fileRef = 6A5A5285256ABE4E004F2266 /* StoryBoardExtension.swift */; };
		6A5A528E256B58A7004F2266 /* CustomDecoratorView.swift in Sources */ = {isa = PBXBuildFile; fileRef = 6A5A528D256B58A7004F2266 /* CustomDecoratorView.swift */; };
		6A5A52AC256B7E8A004F2266 /* ProductDetailViewController.swift in Sources */ = {isa = PBXBuildFile; fileRef = 6A5A52A5256B7E8A004F2266 /* ProductDetailViewController.swift */; };
		6A5A52AD256B7E8A004F2266 /* ProductDetailViewController.storyboard in Resources */ = {isa = PBXBuildFile; fileRef = 6A5A52A6256B7E8A004F2266 /* ProductDetailViewController.storyboard */; };
		6A5A52AE256B7E8A004F2266 /* ProductDetailInteractor.swift in Sources */ = {isa = PBXBuildFile; fileRef = 6A5A52A8256B7E8A004F2266 /* ProductDetailInteractor.swift */; };
		6A5A52AF256B7E8A004F2266 /* ProductDetailPresenter.swift in Sources */ = {isa = PBXBuildFile; fileRef = 6A5A52A9256B7E8A004F2266 /* ProductDetailPresenter.swift */; };
		6A5A52B8256B7FB6004F2266 /* ProductDetailCoordinator.swift in Sources */ = {isa = PBXBuildFile; fileRef = 6A5A52B7256B7FB6004F2266 /* ProductDetailCoordinator.swift */; };
		6A5A52C0256B8AE5004F2266 /* GradientExtensionView.swift in Sources */ = {isa = PBXBuildFile; fileRef = 6A5A52BF256B8AE5004F2266 /* GradientExtensionView.swift */; };
/* End PBXBuildFile section */

/* Begin PBXContainerItemProxy section */
		6A5A51DC256A9FF8004F2266 /* PBXContainerItemProxy */ = {
			isa = PBXContainerItemProxy;
			containerPortal = 6A5A51BD256A9FF2004F2266 /* Project object */;
			proxyType = 1;
			remoteGlobalIDString = 6A5A51C4256A9FF2004F2266;
			remoteInfo = Slice;
		};
		6A5A51E7256A9FF8004F2266 /* PBXContainerItemProxy */ = {
			isa = PBXContainerItemProxy;
			containerPortal = 6A5A51BD256A9FF2004F2266 /* Project object */;
			proxyType = 1;
			remoteGlobalIDString = 6A5A51C4256A9FF2004F2266;
			remoteInfo = Slice;
		};
/* End PBXContainerItemProxy section */

/* Begin PBXFileReference section */
		6A5A51C5256A9FF2004F2266 /* Slice.app */ = {isa = PBXFileReference; explicitFileType = wrapper.application; includeInIndex = 0; path = Slice.app; sourceTree = BUILT_PRODUCTS_DIR; };
		6A5A51C8256A9FF2004F2266 /* AppDelegate.swift */ = {isa = PBXFileReference; lastKnownFileType = sourcecode.swift; path = AppDelegate.swift; sourceTree = "<group>"; };
		6A5A51CA256A9FF2004F2266 /* SceneDelegate.swift */ = {isa = PBXFileReference; lastKnownFileType = sourcecode.swift; path = SceneDelegate.swift; sourceTree = "<group>"; };
		6A5A51D1256A9FF7004F2266 /* Assets.xcassets */ = {isa = PBXFileReference; lastKnownFileType = folder.assetcatalog; path = Assets.xcassets; sourceTree = "<group>"; };
		6A5A51D4256A9FF7004F2266 /* Base */ = {isa = PBXFileReference; lastKnownFileType = file.storyboard; name = Base; path = Base.lproj/LaunchScreen.storyboard; sourceTree = "<group>"; };
		6A5A51D6256A9FF7004F2266 /* Info.plist */ = {isa = PBXFileReference; lastKnownFileType = text.plist.xml; path = Info.plist; sourceTree = "<group>"; };
		6A5A51DB256A9FF8004F2266 /* SliceTests.xctest */ = {isa = PBXFileReference; explicitFileType = wrapper.cfbundle; includeInIndex = 0; path = SliceTests.xctest; sourceTree = BUILT_PRODUCTS_DIR; };
		6A5A51DF256A9FF8004F2266 /* SliceTests.swift */ = {isa = PBXFileReference; lastKnownFileType = sourcecode.swift; path = SliceTests.swift; sourceTree = "<group>"; };
		6A5A51E1256A9FF8004F2266 /* Info.plist */ = {isa = PBXFileReference; lastKnownFileType = text.plist.xml; path = Info.plist; sourceTree = "<group>"; };
		6A5A51E6256A9FF8004F2266 /* SliceUITests.xctest */ = {isa = PBXFileReference; explicitFileType = wrapper.cfbundle; includeInIndex = 0; path = SliceUITests.xctest; sourceTree = BUILT_PRODUCTS_DIR; };
		6A5A51EA256A9FF8004F2266 /* SliceUITests.swift */ = {isa = PBXFileReference; lastKnownFileType = sourcecode.swift; path = SliceUITests.swift; sourceTree = "<group>"; };
		6A5A51EC256A9FF8004F2266 /* Info.plist */ = {isa = PBXFileReference; lastKnownFileType = text.plist.xml; path = Info.plist; sourceTree = "<group>"; };
		6A5A51FC256AA389004F2266 /* MainCoordinator.swift */ = {isa = PBXFileReference; fileEncoding = 4; lastKnownFileType = sourcecode.swift; path = MainCoordinator.swift; sourceTree = "<group>"; };
		6A5A5201256AA39F004F2266 /* Coordinator.swift */ = {isa = PBXFileReference; fileEncoding = 4; lastKnownFileType = sourcecode.swift; path = Coordinator.swift; sourceTree = "<group>"; };
		6A5A521A256AAB3E004F2266 /* CategoryViewController.storyboard */ = {isa = PBXFileReference; fileEncoding = 4; lastKnownFileType = file.storyboard; path = CategoryViewController.storyboard; sourceTree = "<group>"; };
		6A5A521B256AAB3E004F2266 /* CategoryViewController.swift */ = {isa = PBXFileReference; fileEncoding = 4; lastKnownFileType = sourcecode.swift; path = CategoryViewController.swift; sourceTree = "<group>"; };
		6A5A521D256AAB3E004F2266 /* CategoryWorker.swift */ = {isa = PBXFileReference; fileEncoding = 4; lastKnownFileType = sourcecode.swift; path = CategoryWorker.swift; sourceTree = "<group>"; };
		6A5A521F256AAB3E004F2266 /* CategoryCollectionCell.xib */ = {isa = PBXFileReference; fileEncoding = 4; lastKnownFileType = file.xib; path = CategoryCollectionCell.xib; sourceTree = "<group>"; };
		6A5A5220256AAB3E004F2266 /* CategoryTableViewCell.swift */ = {isa = PBXFileReference; fileEncoding = 4; lastKnownFileType = sourcecode.swift; path = CategoryTableViewCell.swift; sourceTree = "<group>"; };
		6A5A5221256AAB3E004F2266 /* CategoryCollectionCell.swift */ = {isa = PBXFileReference; fileEncoding = 4; lastKnownFileType = sourcecode.swift; path = CategoryCollectionCell.swift; sourceTree = "<group>"; };
		6A5A5222256AAB3E004F2266 /* CategoryTableViewCell.xib */ = {isa = PBXFileReference; fileEncoding = 4; lastKnownFileType = file.xib; path = CategoryTableViewCell.xib; sourceTree = "<group>"; };
		6A5A5224256AAB3E004F2266 /* CategoryInteractor.swift */ = {isa = PBXFileReference; fileEncoding = 4; lastKnownFileType = sourcecode.swift; path = CategoryInteractor.swift; sourceTree = "<group>"; };
		6A5A5225256AAB3E004F2266 /* CategoryPresenter.swift */ = {isa = PBXFileReference; fileEncoding = 4; lastKnownFileType = sourcecode.swift; path = CategoryPresenter.swift; sourceTree = "<group>"; };
		6A5A5233256AAEDE004F2266 /* Constant.swift */ = {isa = PBXFileReference; fileEncoding = 4; lastKnownFileType = sourcecode.swift; path = Constant.swift; sourceTree = "<group>"; };
		6A5A5243256AAEDE004F2266 /* DisplayLogic.swift */ = {isa = PBXFileReference; fileEncoding = 4; lastKnownFileType = sourcecode.swift; path = DisplayLogic.swift; sourceTree = "<group>"; };
		6A5A5244256AAEDE004F2266 /* CustomCollectionViewFlowLayout.swift */ = {isa = PBXFileReference; fileEncoding = 4; lastKnownFileType = sourcecode.swift; path = CustomCollectionViewFlowLayout.swift; sourceTree = "<group>"; };
		6A5A5245256AAEDE004F2266 /* LoadingView.swift */ = {isa = PBXFileReference; fileEncoding = 4; lastKnownFileType = sourcecode.swift; path = LoadingView.swift; sourceTree = "<group>"; };
		6A5A5265256AB2DB004F2266 /* Categories.swift */ = {isa = PBXFileReference; fileEncoding = 4; lastKnownFileType = sourcecode.swift; path = Categories.swift; sourceTree = "<group>"; };
		6A5A5266256AB2DB004F2266 /* Network.swift */ = {isa = PBXFileReference; fileEncoding = 4; lastKnownFileType = sourcecode.swift; path = Network.swift; sourceTree = "<group>"; };
		6A5A526E256AB546004F2266 /* Category.swift */ = {isa = PBXFileReference; fileEncoding = 4; lastKnownFileType = sourcecode.swift; path = Category.swift; sourceTree = "<group>"; };
		6A5A5276256AB66F004F2266 /* CategoryCoordinator.swift */ = {isa = PBXFileReference; fileEncoding = 4; lastKnownFileType = sourcecode.swift; path = CategoryCoordinator.swift; sourceTree = "<group>"; };
		6A5A527F256AB8E8004F2266 /* data.json */ = {isa = PBXFileReference; fileEncoding = 4; lastKnownFileType = text.json; path = data.json; sourceTree = "<group>"; };
		6A5A5285256ABE4E004F2266 /* StoryBoardExtension.swift */ = {isa = PBXFileReference; fileEncoding = 4; lastKnownFileType = sourcecode.swift; path = StoryBoardExtension.swift; sourceTree = "<group>"; };
		6A5A528D256B58A7004F2266 /* CustomDecoratorView.swift */ = {isa = PBXFileReference; fileEncoding = 4; lastKnownFileType = sourcecode.swift; path = CustomDecoratorView.swift; sourceTree = "<group>"; };
		6A5A52A5256B7E8A004F2266 /* ProductDetailViewController.swift */ = {isa = PBXFileReference; fileEncoding = 4; lastKnownFileType = sourcecode.swift; path = ProductDetailViewController.swift; sourceTree = "<group>"; };
		6A5A52A6256B7E8A004F2266 /* ProductDetailViewController.storyboard */ = {isa = PBXFileReference; fileEncoding = 4; lastKnownFileType = file.storyboard; path = ProductDetailViewController.storyboard; sourceTree = "<group>"; };
		6A5A52A8256B7E8A004F2266 /* ProductDetailInteractor.swift */ = {isa = PBXFileReference; fileEncoding = 4; lastKnownFileType = sourcecode.swift; path = ProductDetailInteractor.swift; sourceTree = "<group>"; };
		6A5A52A9256B7E8A004F2266 /* ProductDetailPresenter.swift */ = {isa = PBXFileReference; fileEncoding = 4; lastKnownFileType = sourcecode.swift; path = ProductDetailPresenter.swift; sourceTree = "<group>"; };
		6A5A52B7256B7FB6004F2266 /* ProductDetailCoordinator.swift */ = {isa = PBXFileReference; fileEncoding = 4; lastKnownFileType = sourcecode.swift; path = ProductDetailCoordinator.swift; sourceTree = "<group>"; };
		6A5A52BF256B8AE5004F2266 /* GradientExtensionView.swift */ = {isa = PBXFileReference; lastKnownFileType = sourcecode.swift; path = GradientExtensionView.swift; sourceTree = "<group>"; };
/* End PBXFileReference section */

/* Begin PBXFrameworksBuildPhase section */
		6A5A51C2256A9FF2004F2266 /* Frameworks */ = {
			isa = PBXFrameworksBuildPhase;
			buildActionMask = 2147483647;
			files = (
			);
			runOnlyForDeploymentPostprocessing = 0;
		};
		6A5A51D8256A9FF8004F2266 /* Frameworks */ = {
			isa = PBXFrameworksBuildPhase;
			buildActionMask = 2147483647;
			files = (
			);
			runOnlyForDeploymentPostprocessing = 0;
		};
		6A5A51E3256A9FF8004F2266 /* Frameworks */ = {
			isa = PBXFrameworksBuildPhase;
			buildActionMask = 2147483647;
			files = (
			);
			runOnlyForDeploymentPostprocessing = 0;
		};
/* End PBXFrameworksBuildPhase section */

/* Begin PBXGroup section */
		6A5A51BC256A9FF2004F2266 = {
			isa = PBXGroup;
			children = (
				6A5A51C7256A9FF2004F2266 /* Slice */,
				6A5A51DE256A9FF8004F2266 /* SliceTests */,
				6A5A51E9256A9FF8004F2266 /* SliceUITests */,
				6A5A51C6256A9FF2004F2266 /* Products */,
			);
			sourceTree = "<group>";
		};
		6A5A51C6256A9FF2004F2266 /* Products */ = {
			isa = PBXGroup;
			children = (
				6A5A51C5256A9FF2004F2266 /* Slice.app */,
				6A5A51DB256A9FF8004F2266 /* SliceTests.xctest */,
				6A5A51E6256A9FF8004F2266 /* SliceUITests.xctest */,
			);
			name = Products;
			sourceTree = "<group>";
		};
		6A5A51C7256A9FF2004F2266 /* Slice */ = {
			isa = PBXGroup;
			children = (
				6A5A52A4256B7E8A004F2266 /* ProductDetail */,
				6A5A5284256ABE4E004F2266 /* Extension */,
				6A5A527E256AB8D9004F2266 /* Resource */,
				6A5A5264256AB2DB004F2266 /* Network */,
				6A5A5232256AAEDE004F2266 /* Utility */,
				6A5A5219256AAB3E004F2266 /* Category */,
				6A5A51FB256AA344004F2266 /* ScreenCoordinator */,
				6A5A51C8256A9FF2004F2266 /* AppDelegate.swift */,
				6A5A51CA256A9FF2004F2266 /* SceneDelegate.swift */,
				6A5A51D1256A9FF7004F2266 /* Assets.xcassets */,
				6A5A51D3256A9FF7004F2266 /* LaunchScreen.storyboard */,
				6A5A51D6256A9FF7004F2266 /* Info.plist */,
			);
			path = Slice;
			sourceTree = "<group>";
		};
		6A5A51DE256A9FF8004F2266 /* SliceTests */ = {
			isa = PBXGroup;
			children = (
				6A5A51DF256A9FF8004F2266 /* SliceTests.swift */,
				6A5A51E1256A9FF8004F2266 /* Info.plist */,
			);
			path = SliceTests;
			sourceTree = "<group>";
		};
		6A5A51E9256A9FF8004F2266 /* SliceUITests */ = {
			isa = PBXGroup;
			children = (
				6A5A51EA256A9FF8004F2266 /* SliceUITests.swift */,
				6A5A51EC256A9FF8004F2266 /* Info.plist */,
			);
			path = SliceUITests;
			sourceTree = "<group>";
		};
		6A5A51FB256AA344004F2266 /* ScreenCoordinator */ = {
			isa = PBXGroup;
			children = (
				6A5A51FC256AA389004F2266 /* MainCoordinator.swift */,
				6A5A5201256AA39F004F2266 /* Coordinator.swift */,
				6A5A5276256AB66F004F2266 /* CategoryCoordinator.swift */,
				6A5A52B7256B7FB6004F2266 /* ProductDetailCoordinator.swift */,
			);
			path = ScreenCoordinator;
			sourceTree = "<group>";
		};
		6A5A5219256AAB3E004F2266 /* Category */ = {
			isa = PBXGroup;
			children = (
				6A5A521A256AAB3E004F2266 /* CategoryViewController.storyboard */,
				6A5A521B256AAB3E004F2266 /* CategoryViewController.swift */,
				6A5A521C256AAB3E004F2266 /* Worker */,
				6A5A521E256AAB3E004F2266 /* CategoryView */,
				6A5A5223256AAB3E004F2266 /* CategoryModel */,
			);
			path = Category;
			sourceTree = "<group>";
		};
		6A5A521C256AAB3E004F2266 /* Worker */ = {
			isa = PBXGroup;
			children = (
				6A5A521D256AAB3E004F2266 /* CategoryWorker.swift */,
			);
			path = Worker;
			sourceTree = "<group>";
		};
		6A5A521E256AAB3E004F2266 /* CategoryView */ = {
			isa = PBXGroup;
			children = (
				6A5A521F256AAB3E004F2266 /* CategoryCollectionCell.xib */,
				6A5A5220256AAB3E004F2266 /* CategoryTableViewCell.swift */,
				6A5A5221256AAB3E004F2266 /* CategoryCollectionCell.swift */,
				6A5A5222256AAB3E004F2266 /* CategoryTableViewCell.xib */,
			);
			path = CategoryView;
			sourceTree = "<group>";
		};
		6A5A5223256AAB3E004F2266 /* CategoryModel */ = {
			isa = PBXGroup;
			children = (
				6A5A5224256AAB3E004F2266 /* CategoryInteractor.swift */,
				6A5A5225256AAB3E004F2266 /* CategoryPresenter.swift */,
			);
			path = CategoryModel;
			sourceTree = "<group>";
		};
		6A5A5232256AAEDE004F2266 /* Utility */ = {
			isa = PBXGroup;
			children = (
				6A5A528D256B58A7004F2266 /* CustomDecoratorView.swift */,
				6A5A5233256AAEDE004F2266 /* Constant.swift */,
				6A5A5243256AAEDE004F2266 /* DisplayLogic.swift */,
				6A5A5244256AAEDE004F2266 /* CustomCollectionViewFlowLayout.swift */,
				6A5A5245256AAEDE004F2266 /* LoadingView.swift */,
				6A5A52BF256B8AE5004F2266 /* GradientExtensionView.swift */,
			);
			path = Utility;
			sourceTree = "<group>";
		};
		6A5A5264256AB2DB004F2266 /* Network */ = {
			isa = PBXGroup;
			children = (
				6A5A526E256AB546004F2266 /* Category.swift */,
				6A5A5265256AB2DB004F2266 /* Categories.swift */,
				6A5A5266256AB2DB004F2266 /* Network.swift */,
			);
			path = Network;
			sourceTree = "<group>";
		};
		6A5A527E256AB8D9004F2266 /* Resource */ = {
			isa = PBXGroup;
			children = (
				6A5A527F256AB8E8004F2266 /* data.json */,
			);
			path = Resource;
			sourceTree = "<group>";
		};
		6A5A5284256ABE4E004F2266 /* Extension */ = {
			isa = PBXGroup;
			children = (
				6A5A5285256ABE4E004F2266 /* StoryBoardExtension.swift */,
			);
			path = Extension;
			sourceTree = "<group>";
		};
		6A5A52A4256B7E8A004F2266 /* ProductDetail */ = {
			isa = PBXGroup;
			children = (
				6A5A52A5256B7E8A004F2266 /* ProductDetailViewController.swift */,
				6A5A52A6256B7E8A004F2266 /* ProductDetailViewController.storyboard */,
				6A5A52A7256B7E8A004F2266 /* ProductDetailModel */,
				6A5A52AA256B7E8A004F2266 /* Worker */,
			);
			path = ProductDetail;
			sourceTree = "<group>";
		};
		6A5A52A7256B7E8A004F2266 /* ProductDetailModel */ = {
			isa = PBXGroup;
			children = (
				6A5A52A8256B7E8A004F2266 /* ProductDetailInteractor.swift */,
				6A5A52A9256B7E8A004F2266 /* ProductDetailPresenter.swift */,
			);
			path = ProductDetailModel;
			sourceTree = "<group>";
		};
		6A5A52AA256B7E8A004F2266 /* Worker */ = {
			isa = PBXGroup;
			children = (
			);
			path = Worker;
			sourceTree = "<group>";
		};
/* End PBXGroup section */

/* Begin PBXNativeTarget section */
		6A5A51C4256A9FF2004F2266 /* Slice */ = {
			isa = PBXNativeTarget;
			buildConfigurationList = 6A5A51EF256A9FF8004F2266 /* Build configuration list for PBXNativeTarget "Slice" */;
			buildPhases = (
				6A5A51C1256A9FF2004F2266 /* Sources */,
				6A5A51C2256A9FF2004F2266 /* Frameworks */,
				6A5A51C3256A9FF2004F2266 /* Resources */,
			);
			buildRules = (
			);
			dependencies = (
			);
			name = Slice;
			productName = Slice;
			productReference = 6A5A51C5256A9FF2004F2266 /* Slice.app */;
			productType = "com.apple.product-type.application";
		};
		6A5A51DA256A9FF8004F2266 /* SliceTests */ = {
			isa = PBXNativeTarget;
			buildConfigurationList = 6A5A51F2256A9FF8004F2266 /* Build configuration list for PBXNativeTarget "SliceTests" */;
			buildPhases = (
				6A5A51D7256A9FF8004F2266 /* Sources */,
				6A5A51D8256A9FF8004F2266 /* Frameworks */,
				6A5A51D9256A9FF8004F2266 /* Resources */,
			);
			buildRules = (
			);
			dependencies = (
				6A5A51DD256A9FF8004F2266 /* PBXTargetDependency */,
			);
			name = SliceTests;
			productName = SliceTests;
			productReference = 6A5A51DB256A9FF8004F2266 /* SliceTests.xctest */;
			productType = "com.apple.product-type.bundle.unit-test";
		};
		6A5A51E5256A9FF8004F2266 /* SliceUITests */ = {
			isa = PBXNativeTarget;
			buildConfigurationList = 6A5A51F5256A9FF8004F2266 /* Build configuration list for PBXNativeTarget "SliceUITests" */;
			buildPhases = (
				6A5A51E2256A9FF8004F2266 /* Sources */,
				6A5A51E3256A9FF8004F2266 /* Frameworks */,
				6A5A51E4256A9FF8004F2266 /* Resources */,
			);
			buildRules = (
			);
			dependencies = (
				6A5A51E8256A9FF8004F2266 /* PBXTargetDependency */,
			);
			name = SliceUITests;
			productName = SliceUITests;
			productReference = 6A5A51E6256A9FF8004F2266 /* SliceUITests.xctest */;
			productType = "com.apple.product-type.bundle.ui-testing";
		};
/* End PBXNativeTarget section */

/* Begin PBXProject section */
		6A5A51BD256A9FF2004F2266 /* Project object */ = {
			isa = PBXProject;
			attributes = {
				LastSwiftUpdateCheck = 1220;
				LastUpgradeCheck = 1220;
				TargetAttributes = {
					6A5A51C4256A9FF2004F2266 = {
						CreatedOnToolsVersion = 12.2;
					};
					6A5A51DA256A9FF8004F2266 = {
						CreatedOnToolsVersion = 12.2;
						TestTargetID = 6A5A51C4256A9FF2004F2266;
					};
					6A5A51E5256A9FF8004F2266 = {
						CreatedOnToolsVersion = 12.2;
						TestTargetID = 6A5A51C4256A9FF2004F2266;
					};
				};
			};
			buildConfigurationList = 6A5A51C0256A9FF2004F2266 /* Build configuration list for PBXProject "Slice" */;
			compatibilityVersion = "Xcode 9.3";
			developmentRegion = en;
			hasScannedForEncodings = 0;
			knownRegions = (
				en,
				Base,
			);
			mainGroup = 6A5A51BC256A9FF2004F2266;
			productRefGroup = 6A5A51C6256A9FF2004F2266 /* Products */;
			projectDirPath = "";
			projectRoot = "";
			targets = (
				6A5A51C4256A9FF2004F2266 /* Slice */,
				6A5A51DA256A9FF8004F2266 /* SliceTests */,
				6A5A51E5256A9FF8004F2266 /* SliceUITests */,
			);
		};
/* End PBXProject section */

/* Begin PBXResourcesBuildPhase section */
		6A5A51C3256A9FF2004F2266 /* Resources */ = {
			isa = PBXResourcesBuildPhase;
			buildActionMask = 2147483647;
			files = (
				6A5A51D5256A9FF7004F2266 /* LaunchScreen.storyboard in Resources */,
				6A5A5280256AB8E8004F2266 /* data.json in Resources */,
				6A5A522C256AAB3E004F2266 /* CategoryTableViewCell.xib in Resources */,
				6A5A5229256AAB3E004F2266 /* CategoryCollectionCell.xib in Resources */,
				6A5A5226256AAB3E004F2266 /* CategoryViewController.storyboard in Resources */,
				6A5A51D2256A9FF7004F2266 /* Assets.xcassets in Resources */,
				6A5A52AD256B7E8A004F2266 /* ProductDetailViewController.storyboard in Resources */,
			);
			runOnlyForDeploymentPostprocessing = 0;
		};
		6A5A51D9256A9FF8004F2266 /* Resources */ = {
			isa = PBXResourcesBuildPhase;
			buildActionMask = 2147483647;
			files = (
			);
			runOnlyForDeploymentPostprocessing = 0;
		};
		6A5A51E4256A9FF8004F2266 /* Resources */ = {
			isa = PBXResourcesBuildPhase;
			buildActionMask = 2147483647;
			files = (
			);
			runOnlyForDeploymentPostprocessing = 0;
		};
/* End PBXResourcesBuildPhase section */

/* Begin PBXSourcesBuildPhase section */
		6A5A51C1256A9FF2004F2266 /* Sources */ = {
			isa = PBXSourcesBuildPhase;
			buildActionMask = 2147483647;
			files = (
				6A5A52C0256B8AE5004F2266 /* GradientExtensionView.swift in Sources */,
				6A5A52B8256B7FB6004F2266 /* ProductDetailCoordinator.swift in Sources */,
				6A5A522B256AAB3E004F2266 /* CategoryCollectionCell.swift in Sources */,
				6A5A5277256AB66F004F2266 /* CategoryCoordinator.swift in Sources */,
				6A5A5228256AAB3E004F2266 /* CategoryWorker.swift in Sources */,
				6A5A528E256B58A7004F2266 /* CustomDecoratorView.swift in Sources */,
				6A5A5250256AAEDE004F2266 /* DisplayLogic.swift in Sources */,
				6A5A5268256AB2DC004F2266 /* Categories.swift in Sources */,
				6A5A52AC256B7E8A004F2266 /* ProductDetailViewController.swift in Sources */,
				6A5A522E256AAB3E004F2266 /* CategoryPresenter.swift in Sources */,
				6A5A522D256AAB3E004F2266 /* CategoryInteractor.swift in Sources */,
				6A5A51FD256AA389004F2266 /* MainCoordinator.swift in Sources */,
				6A5A5202256AA39F004F2266 /* Coordinator.swift in Sources */,
				6A5A5286256ABE4E004F2266 /* StoryBoardExtension.swift in Sources */,
				6A5A51C9256A9FF2004F2266 /* AppDelegate.swift in Sources */,
				6A5A5227256AAB3E004F2266 /* CategoryViewController.swift in Sources */,
				6A5A526F256AB546004F2266 /* Category.swift in Sources */,
				6A5A5251256AAEDE004F2266 /* CustomCollectionViewFlowLayout.swift in Sources */,
				6A5A52AE256B7E8A004F2266 /* ProductDetailInteractor.swift in Sources */,
				6A5A51CB256A9FF2004F2266 /* SceneDelegate.swift in Sources */,
				6A5A52AF256B7E8A004F2266 /* ProductDetailPresenter.swift in Sources */,
				6A5A5269256AB2DC004F2266 /* Network.swift in Sources */,
				6A5A522A256AAB3E004F2266 /* CategoryTableViewCell.swift in Sources */,
				6A5A5246256AAEDE004F2266 /* Constant.swift in Sources */,
				6A5A5252256AAEDE004F2266 /* LoadingView.swift in Sources */,
			);
			runOnlyForDeploymentPostprocessing = 0;
		};
		6A5A51D7256A9FF8004F2266 /* Sources */ = {
			isa = PBXSourcesBuildPhase;
			buildActionMask = 2147483647;
			files = (
				6A5A51E0256A9FF8004F2266 /* SliceTests.swift in Sources */,
			);
			runOnlyForDeploymentPostprocessing = 0;
		};
		6A5A51E2256A9FF8004F2266 /* Sources */ = {
			isa = PBXSourcesBuildPhase;
			buildActionMask = 2147483647;
			files = (
				6A5A51EB256A9FF8004F2266 /* SliceUITests.swift in Sources */,
			);
			runOnlyForDeploymentPostprocessing = 0;
		};
/* End PBXSourcesBuildPhase section */

/* Begin PBXTargetDependency section */
		6A5A51DD256A9FF8004F2266 /* PBXTargetDependency */ = {
			isa = PBXTargetDependency;
			target = 6A5A51C4256A9FF2004F2266 /* Slice */;
			targetProxy = 6A5A51DC256A9FF8004F2266 /* PBXContainerItemProxy */;
		};
		6A5A51E8256A9FF8004F2266 /* PBXTargetDependency */ = {
			isa = PBXTargetDependency;
			target = 6A5A51C4256A9FF2004F2266 /* Slice */;
			targetProxy = 6A5A51E7256A9FF8004F2266 /* PBXContainerItemProxy */;
		};
/* End PBXTargetDependency section */

/* Begin PBXVariantGroup section */
		6A5A51D3256A9FF7004F2266 /* LaunchScreen.storyboard */ = {
			isa = PBXVariantGroup;
			children = (
				6A5A51D4256A9FF7004F2266 /* Base */,
			);
			name = LaunchScreen.storyboard;
			sourceTree = "<group>";
		};
/* End PBXVariantGroup section */

/* Begin XCBuildConfiguration section */
		6A5A51ED256A9FF8004F2266 /* Debug */ = {
			isa = XCBuildConfiguration;
			buildSettings = {
				ALWAYS_SEARCH_USER_PATHS = NO;
				CLANG_ANALYZER_NONNULL = YES;
				CLANG_ANALYZER_NUMBER_OBJECT_CONVERSION = YES_AGGRESSIVE;
				CLANG_CXX_LANGUAGE_STANDARD = "gnu++14";
				CLANG_CXX_LIBRARY = "libc++";
				CLANG_ENABLE_MODULES = YES;
				CLANG_ENABLE_OBJC_ARC = YES;
				CLANG_ENABLE_OBJC_WEAK = YES;
				CLANG_WARN_BLOCK_CAPTURE_AUTORELEASING = YES;
				CLANG_WARN_BOOL_CONVERSION = YES;
				CLANG_WARN_COMMA = YES;
				CLANG_WARN_CONSTANT_CONVERSION = YES;
				CLANG_WARN_DEPRECATED_OBJC_IMPLEMENTATIONS = YES;
				CLANG_WARN_DIRECT_OBJC_ISA_USAGE = YES_ERROR;
				CLANG_WARN_DOCUMENTATION_COMMENTS = YES;
				CLANG_WARN_EMPTY_BODY = YES;
				CLANG_WARN_ENUM_CONVERSION = YES;
				CLANG_WARN_INFINITE_RECURSION = YES;
				CLANG_WARN_INT_CONVERSION = YES;
				CLANG_WARN_NON_LITERAL_NULL_CONVERSION = YES;
				CLANG_WARN_OBJC_IMPLICIT_RETAIN_SELF = YES;
				CLANG_WARN_OBJC_LITERAL_CONVERSION = YES;
				CLANG_WARN_OBJC_ROOT_CLASS = YES_ERROR;
				CLANG_WARN_QUOTED_INCLUDE_IN_FRAMEWORK_HEADER = YES;
				CLANG_WARN_RANGE_LOOP_ANALYSIS = YES;
				CLANG_WARN_STRICT_PROTOTYPES = YES;
				CLANG_WARN_SUSPICIOUS_MOVE = YES;
				CLANG_WARN_UNGUARDED_AVAILABILITY = YES_AGGRESSIVE;
				CLANG_WARN_UNREACHABLE_CODE = YES;
				CLANG_WARN__DUPLICATE_METHOD_MATCH = YES;
				COPY_PHASE_STRIP = NO;
				DEBUG_INFORMATION_FORMAT = dwarf;
				ENABLE_STRICT_OBJC_MSGSEND = YES;
				ENABLE_TESTABILITY = YES;
				GCC_C_LANGUAGE_STANDARD = gnu11;
				GCC_DYNAMIC_NO_PIC = NO;
				GCC_NO_COMMON_BLOCKS = YES;
				GCC_OPTIMIZATION_LEVEL = 0;
				GCC_PREPROCESSOR_DEFINITIONS = (
					"DEBUG=1",
					"$(inherited)",
				);
				GCC_WARN_64_TO_32_BIT_CONVERSION = YES;
				GCC_WARN_ABOUT_RETURN_TYPE = YES_ERROR;
				GCC_WARN_UNDECLARED_SELECTOR = YES;
				GCC_WARN_UNINITIALIZED_AUTOS = YES_AGGRESSIVE;
				GCC_WARN_UNUSED_FUNCTION = YES;
				GCC_WARN_UNUSED_VARIABLE = YES;
				IPHONEOS_DEPLOYMENT_TARGET = 14.2;
				MTL_ENABLE_DEBUG_INFO = INCLUDE_SOURCE;
				MTL_FAST_MATH = YES;
				ONLY_ACTIVE_ARCH = YES;
				SDKROOT = iphoneos;
				SWIFT_ACTIVE_COMPILATION_CONDITIONS = DEBUG;
				SWIFT_OPTIMIZATION_LEVEL = "-Onone";
			};
			name = Debug;
		};
		6A5A51EE256A9FF8004F2266 /* Release */ = {
			isa = XCBuildConfiguration;
			buildSettings = {
				ALWAYS_SEARCH_USER_PATHS = NO;
				CLANG_ANALYZER_NONNULL = YES;
				CLANG_ANALYZER_NUMBER_OBJECT_CONVERSION = YES_AGGRESSIVE;
				CLANG_CXX_LANGUAGE_STANDARD = "gnu++14";
				CLANG_CXX_LIBRARY = "libc++";
				CLANG_ENABLE_MODULES = YES;
				CLANG_ENABLE_OBJC_ARC = YES;
				CLANG_ENABLE_OBJC_WEAK = YES;
				CLANG_WARN_BLOCK_CAPTURE_AUTORELEASING = YES;
				CLANG_WARN_BOOL_CONVERSION = YES;
				CLANG_WARN_COMMA = YES;
				CLANG_WARN_CONSTANT_CONVERSION = YES;
				CLANG_WARN_DEPRECATED_OBJC_IMPLEMENTATIONS = YES;
				CLANG_WARN_DIRECT_OBJC_ISA_USAGE = YES_ERROR;
				CLANG_WARN_DOCUMENTATION_COMMENTS = YES;
				CLANG_WARN_EMPTY_BODY = YES;
				CLANG_WARN_ENUM_CONVERSION = YES;
				CLANG_WARN_INFINITE_RECURSION = YES;
				CLANG_WARN_INT_CONVERSION = YES;
				CLANG_WARN_NON_LITERAL_NULL_CONVERSION = YES;
				CLANG_WARN_OBJC_IMPLICIT_RETAIN_SELF = YES;
				CLANG_WARN_OBJC_LITERAL_CONVERSION = YES;
				CLANG_WARN_OBJC_ROOT_CLASS = YES_ERROR;
				CLANG_WARN_QUOTED_INCLUDE_IN_FRAMEWORK_HEADER = YES;
				CLANG_WARN_RANGE_LOOP_ANALYSIS = YES;
				CLANG_WARN_STRICT_PROTOTYPES = YES;
				CLANG_WARN_SUSPICIOUS_MOVE = YES;
				CLANG_WARN_UNGUARDED_AVAILABILITY = YES_AGGRESSIVE;
				CLANG_WARN_UNREACHABLE_CODE = YES;
				CLANG_WARN__DUPLICATE_METHOD_MATCH = YES;
				COPY_PHASE_STRIP = NO;
				DEBUG_INFORMATION_FORMAT = "dwarf-with-dsym";
				ENABLE_NS_ASSERTIONS = NO;
				ENABLE_STRICT_OBJC_MSGSEND = YES;
				GCC_C_LANGUAGE_STANDARD = gnu11;
				GCC_NO_COMMON_BLOCKS = YES;
				GCC_WARN_64_TO_32_BIT_CONVERSION = YES;
				GCC_WARN_ABOUT_RETURN_TYPE = YES_ERROR;
				GCC_WARN_UNDECLARED_SELECTOR = YES;
				GCC_WARN_UNINITIALIZED_AUTOS = YES_AGGRESSIVE;
				GCC_WARN_UNUSED_FUNCTION = YES;
				GCC_WARN_UNUSED_VARIABLE = YES;
				IPHONEOS_DEPLOYMENT_TARGET = 14.2;
				MTL_ENABLE_DEBUG_INFO = NO;
				MTL_FAST_MATH = YES;
				SDKROOT = iphoneos;
				SWIFT_COMPILATION_MODE = wholemodule;
				SWIFT_OPTIMIZATION_LEVEL = "-O";
				VALIDATE_PRODUCT = YES;
			};
			name = Release;
		};
		6A5A51F0256A9FF8004F2266 /* Debug */ = {
			isa = XCBuildConfiguration;
			buildSettings = {
				ASSETCATALOG_COMPILER_APPICON_NAME = AppIcon;
				ASSETCATALOG_COMPILER_GLOBAL_ACCENT_COLOR_NAME = AccentColor;
				CODE_SIGN_IDENTITY = "Apple Development";
				CODE_SIGN_STYLE = Automatic;
				DEVELOPMENT_TEAM = BF6G36ZCBW;
				INFOPLIST_FILE = Slice/Info.plist;
				IPHONEOS_DEPLOYMENT_TARGET = 13.0;
				LD_RUNPATH_SEARCH_PATHS = (
					"$(inherited)",
					"@executable_path/Frameworks",
				);
				PRODUCT_BUNDLE_IDENTIFIER = com.slice.slice;
				PRODUCT_NAME = "$(TARGET_NAME)";
				PROVISIONING_PROFILE_SPECIFIER = "";
				SWIFT_VERSION = 5.0;
				TARGETED_DEVICE_FAMILY = "1,2";
			};
			name = Debug;
		};
		6A5A51F1256A9FF8004F2266 /* Release */ = {
			isa = XCBuildConfiguration;
			buildSettings = {
				ASSETCATALOG_COMPILER_APPICON_NAME = AppIcon;
				ASSETCATALOG_COMPILER_GLOBAL_ACCENT_COLOR_NAME = AccentColor;
				CODE_SIGN_IDENTITY = "Apple Development";
				CODE_SIGN_STYLE = Automatic;
				DEVELOPMENT_TEAM = BF6G36ZCBW;
				INFOPLIST_FILE = Slice/Info.plist;
				IPHONEOS_DEPLOYMENT_TARGET = 13.0;
				LD_RUNPATH_SEARCH_PATHS = (
					"$(inherited)",
					"@executable_path/Frameworks",
				);
				PRODUCT_BUNDLE_IDENTIFIER = com.slice.slice;
				PRODUCT_NAME = "$(TARGET_NAME)";
				PROVISIONING_PROFILE_SPECIFIER = "";
				SWIFT_VERSION = 5.0;
				TARGETED_DEVICE_FAMILY = "1,2";
			};
			name = Release;
		};
		6A5A51F3256A9FF8004F2266 /* Debug */ = {
			isa = XCBuildConfiguration;
			buildSettings = {
				ALWAYS_EMBED_SWIFT_STANDARD_LIBRARIES = YES;
				BUNDLE_LOADER = "$(TEST_HOST)";
				CODE_SIGN_STYLE = Automatic;
				INFOPLIST_FILE = SliceTests/Info.plist;
				IPHONEOS_DEPLOYMENT_TARGET = 14.2;
				LD_RUNPATH_SEARCH_PATHS = (
					"$(inherited)",
					"@executable_path/Frameworks",
					"@loader_path/Frameworks",
				);
				PRODUCT_BUNDLE_IDENTIFIER = Murali.SliceTests;
				PRODUCT_NAME = "$(TARGET_NAME)";
				SWIFT_VERSION = 5.0;
				TARGETED_DEVICE_FAMILY = "1,2";
				TEST_HOST = "$(BUILT_PRODUCTS_DIR)/Slice.app/Slice";
			};
			name = Debug;
		};
		6A5A51F4256A9FF8004F2266 /* Release */ = {
			isa = XCBuildConfiguration;
			buildSettings = {
				ALWAYS_EMBED_SWIFT_STANDARD_LIBRARIES = YES;
				BUNDLE_LOADER = "$(TEST_HOST)";
				CODE_SIGN_STYLE = Automatic;
				INFOPLIST_FILE = SliceTests/Info.plist;
				IPHONEOS_DEPLOYMENT_TARGET = 14.2;
				LD_RUNPATH_SEARCH_PATHS = (
					"$(inherited)",
					"@executable_path/Frameworks",
					"@loader_path/Frameworks",
				);
				PRODUCT_BUNDLE_IDENTIFIER = Murali.SliceTests;
				PRODUCT_NAME = "$(TARGET_NAME)";
				SWIFT_VERSION = 5.0;
				TARGETED_DEVICE_FAMILY = "1,2";
				TEST_HOST = "$(BUILT_PRODUCTS_DIR)/Slice.app/Slice";
			};
			name = Release;
		};
		6A5A51F6256A9FF8004F2266 /* Debug */ = {
			isa = XCBuildConfiguration;
			buildSettings = {
				ALWAYS_EMBED_SWIFT_STANDARD_LIBRARIES = YES;
				CODE_SIGN_STYLE = Automatic;
				INFOPLIST_FILE = SliceUITests/Info.plist;
				LD_RUNPATH_SEARCH_PATHS = (
					"$(inherited)",
					"@executable_path/Frameworks",
					"@loader_path/Frameworks",
				);
				PRODUCT_BUNDLE_IDENTIFIER = Murali.SliceUITests;
				PRODUCT_NAME = "$(TARGET_NAME)";
				SWIFT_VERSION = 5.0;
				TARGETED_DEVICE_FAMILY = "1,2";
				TEST_TARGET_NAME = Slice;
			};
			name = Debug;
		};
		6A5A51F7256A9FF8004F2266 /* Release */ = {
			isa = XCBuildConfiguration;
			buildSettings = {
				ALWAYS_EMBED_SWIFT_STANDARD_LIBRARIES = YES;
				CODE_SIGN_STYLE = Automatic;
				INFOPLIST_FILE = SliceUITests/Info.plist;
				LD_RUNPATH_SEARCH_PATHS = (
					"$(inherited)",
					"@executable_path/Frameworks",
					"@loader_path/Frameworks",
				);
				PRODUCT_BUNDLE_IDENTIFIER = Murali.SliceUITests;
				PRODUCT_NAME = "$(TARGET_NAME)";
				SWIFT_VERSION = 5.0;
				TARGETED_DEVICE_FAMILY = "1,2";
				TEST_TARGET_NAME = Slice;
			};
			name = Release;
		};
/* End XCBuildConfiguration section */

/* Begin XCConfigurationList section */
		6A5A51C0256A9FF2004F2266 /* Build configuration list for PBXProject "Slice" */ = {
			isa = XCConfigurationList;
			buildConfigurations = (
				6A5A51ED256A9FF8004F2266 /* Debug */,
				6A5A51EE256A9FF8004F2266 /* Release */,
			);
			defaultConfigurationIsVisible = 0;
			defaultConfigurationName = Release;
		};
		6A5A51EF256A9FF8004F2266 /* Build configuration list for PBXNativeTarget "Slice" */ = {
			isa = XCConfigurationList;
			buildConfigurations = (
				6A5A51F0256A9FF8004F2266 /* Debug */,
				6A5A51F1256A9FF8004F2266 /* Release */,
			);
			defaultConfigurationIsVisible = 0;
			defaultConfigurationName = Release;
		};
		6A5A51F2256A9FF8004F2266 /* Build configuration list for PBXNativeTarget "SliceTests" */ = {
			isa = XCConfigurationList;
			buildConfigurations = (
				6A5A51F3256A9FF8004F2266 /* Debug */,
				6A5A51F4256A9FF8004F2266 /* Release */,
			);
			defaultConfigurationIsVisible = 0;
			defaultConfigurationName = Release;
		};
		6A5A51F5256A9FF8004F2266 /* Build configuration list for PBXNativeTarget "SliceUITests" */ = {
			isa = XCConfigurationList;
			buildConfigurations = (
				6A5A51F6256A9FF8004F2266 /* Debug */,
				6A5A51F7256A9FF8004F2266 /* Release */,
			);
			defaultConfigurationIsVisible = 0;
			defaultConfigurationName = Release;
		};
/* End XCConfigurationList section */
	};
	rootObject = 6A5A51BD256A9FF2004F2266 /* Project object */;
}
